
Microsoft Visual Studio Solution File, Format Version 12.00
# Visual Studio Version 17
VisualStudioVersion = 17.4.33205.214
MinimumVisualStudioVersion = 10.0.40219.1
Project("{FAE04EC0-301F-11D3-BF4B-00C04F79EFBC}") = "zadanie1doszkoly", "zadanie1doszkoly\zadanie1doszkoly.csproj", "{031E7533-4824-4930-B34D-3C5A75A8A35F}"
EndProject
Global
	GlobalSection(SolutionConfigurationPlatforms) = preSolution
		Debug|Any CPU = Debug|Any CPU
		Release|Any CPU = Release|Any CPU
	EndGlobalSection
	GlobalSection(ProjectConfigurationPlatforms) = postSolution
		{031E7533-4824-4930-B34D-3C5A75A8A35F}.Debug|Any CPU.ActiveCfg = Debug|Any CPU
		{031E7533-4824-4930-B34D-3C5A75A8A35F}.Debug|Any CPU.Build.0 = Debug|Any CPU
		{031E7533-4824-4930-B34D-3C5A75A8A35F}.Release|Any CPU.ActiveCfg = Release|Any CPU
		{031E7533-4824-4930-B34D-3C5A75A8A35F}.Release|Any CPU.Build.0 = Release|Any CPU
	EndGlobalSection
	GlobalSection(SolutionProperties) = preSolution
		HideSolutionNode = FALSE
	EndGlobalSection
	GlobalSection(ExtensibilityGlobals) = postSolution
		SolutionGuid = {B7DF1994-FBFE-47A6-BBF9-EB7100712096}
	EndGlobalSection
EndGlobal
