
Microsoft Visual Studio Solution File, Format Version 12.00
# Visual Studio Version 17
VisualStudioVersion = 17.4.33205.214
MinimumVisualStudioVersion = 10.0.40219.1
Project("{FAE04EC0-301F-11D3-BF4B-00C04F79EFBC}") = "TicTacToe", "TicTacToe\TicTacToe.csproj", "{2D58CBCE-D2FD-4B15-81A3-5DA28FBDB93A}"
EndProject
Global
	GlobalSection(SolutionConfigurationPlatforms) = preSolution
		Debug|Any CPU = Debug|Any CPU
		Release|Any CPU = Release|Any CPU
	EndGlobalSection
	GlobalSection(ProjectConfigurationPlatforms) = postSolution
		{2D58CBCE-D2FD-4B15-81A3-5DA28FBDB93A}.Debug|Any CPU.ActiveCfg = Debug|Any CPU
		{2D58CBCE-D2FD-4B15-81A3-5DA28FBDB93A}.Debug|Any CPU.Build.0 = Debug|Any CPU
		{2D58CBCE-D2FD-4B15-81A3-5DA28FBDB93A}.Release|Any CPU.ActiveCfg = Release|Any CPU
		{2D58CBCE-D2FD-4B15-81A3-5DA28FBDB93A}.Release|Any CPU.Build.0 = Release|Any CPU
	EndGlobalSection
	GlobalSection(SolutionProperties) = preSolution
		HideSolutionNode = FALSE
	EndGlobalSection
	GlobalSection(ExtensibilityGlobals) = postSolution
		SolutionGuid = {EA0263C7-5CE3-42E1-9EB0-4CA9D4F33825}
	EndGlobalSection
EndGlobal
